
Microsoft Visual Studio Solution File, Format Version 12.00
Project("{FAE04EC0-301F-11D3-BF4B-00C04F79EFBC}") = "RemnantKit.Tools.UnSav", "src\RemnantKit.Tools.UnSav\RemnantKit.Tools.UnSav.csproj", "{883B4909-EAA3-4F70-8FC3-0B12E857B832}"
	ProjectSection(ProjectDependencies) = postProject
		{1E8CF721-EA03-48FC-9597-E6D07EC3F770} = {1E8CF721-EA03-48FC-9597-E6D07EC3F770}
	EndProjectSection
EndProject
Project("{FAE04EC0-301F-11D3-BF4B-00C04F79EFBC}") = "RemnantKit.Saves", "src\RemnantKit.Saves\RemnantKit.Saves.csproj", "{1E8CF721-EA03-48FC-9597-E6D07EC3F770}"
EndProject
Global
	GlobalSection(SolutionConfigurationPlatforms) = preSolution
		Debug|Any CPU = Debug|Any CPU
		Release|Any CPU = Release|Any CPU
	EndGlobalSection
	GlobalSection(ProjectConfigurationPlatforms) = postSolution
		{883B4909-EAA3-4F70-8FC3-0B12E857B832}.Debug|Any CPU.ActiveCfg = Debug|Any CPU
		{883B4909-EAA3-4F70-8FC3-0B12E857B832}.Debug|Any CPU.Build.0 = Debug|Any CPU
		{883B4909-EAA3-4F70-8FC3-0B12E857B832}.Release|Any CPU.ActiveCfg = Release|Any CPU
		{883B4909-EAA3-4F70-8FC3-0B12E857B832}.Release|Any CPU.Build.0 = Release|Any CPU
		{1E8CF721-EA03-48FC-9597-E6D07EC3F770}.Debug|Any CPU.ActiveCfg = Debug|Any CPU
		{1E8CF721-EA03-48FC-9597-E6D07EC3F770}.Debug|Any CPU.Build.0 = Debug|Any CPU
		{1E8CF721-EA03-48FC-9597-E6D07EC3F770}.Release|Any CPU.ActiveCfg = Release|Any CPU
		{1E8CF721-EA03-48FC-9597-E6D07EC3F770}.Release|Any CPU.Build.0 = Release|Any CPU
	EndGlobalSection
EndGlobal
